// !$*UTF8*$!
{
	archiveVersion = 1;
	classes = {
	};
	objectVersion = 56;
	objects = {

/* Begin PBXBuildFile section */
		EBC50AB0F6B028E302156A4F /* Pods_SipTest.framework in Frameworks */ = {isa = PBXBuildFile; fileRef = 615BCF49D00E01C0E3040330 /* Pods_SipTest.framework */; };
		FA47E7562C883DDB00C83454 /* OutgoingCall.swift in Sources */ = {isa = PBXBuildFile; fileRef = FA47E7552C883DDB00C83454 /* OutgoingCall.swift */; };
		FA47E75A2C883EC900C83454 /* IncomingCallView.swift in Sources */ = {isa = PBXBuildFile; fileRef = FA47E7592C883EC900C83454 /* IncomingCallView.swift */; };
		FA47E75C2C883EF800C83454 /* OutgoingCallView.swift in Sources */ = {isa = PBXBuildFile; fileRef = FA47E75B2C883EF800C83454 /* OutgoingCallView.swift */; };
		FAB401552C861E5E0052E48C /* SipTestApp.swift in Sources */ = {isa = PBXBuildFile; fileRef = FAB401542C861E5E0052E48C /* SipTestApp.swift */; };
		FAB401572C861E5E0052E48C /* ContentView.swift in Sources */ = {isa = PBXBuildFile; fileRef = FAB401562C861E5E0052E48C /* ContentView.swift */; };
		FAB401592C861E600052E48C /* Assets.xcassets in Resources */ = {isa = PBXBuildFile; fileRef = FAB401582C861E600052E48C /* Assets.xcassets */; };
		FAB4015C2C861E600052E48C /* Preview Assets.xcassets in Resources */ = {isa = PBXBuildFile; fileRef = FAB4015B2C861E600052E48C /* Preview Assets.xcassets */; };
		FAB401652C86249F0052E48C /* IncomingCall.swift in Sources */ = {isa = PBXBuildFile; fileRef = FAB401642C86249F0052E48C /* IncomingCall.swift */; };
		FAB401682C86265A0052E48C /* Pods_SipTest.framework in Frameworks */ = {isa = PBXBuildFile; fileRef = FAB401672C86265A0052E48C /* Pods_SipTest.framework */; };
		FAB4016C2C862D670052E48C /* linphonesw.framework in Frameworks */ = {isa = PBXBuildFile; fileRef = FAB4016B2C862D670052E48C /* linphonesw.framework */; };
/* End PBXBuildFile section */

/* Begin PBXFileReference section */
		615BCF49D00E01C0E3040330 /* Pods_SipTest.framework */ = {isa = PBXFileReference; explicitFileType = wrapper.framework; includeInIndex = 0; path = Pods_SipTest.framework; sourceTree = BUILT_PRODUCTS_DIR; };
		C9119BE1C3C1B4B9C8BFD10D /* Pods-SipTest.release.xcconfig */ = {isa = PBXFileReference; includeInIndex = 1; lastKnownFileType = text.xcconfig; name = "Pods-SipTest.release.xcconfig"; path = "Target Support Files/Pods-SipTest/Pods-SipTest.release.xcconfig"; sourceTree = "<group>"; };
		FA47E7552C883DDB00C83454 /* OutgoingCall.swift */ = {isa = PBXFileReference; lastKnownFileType = sourcecode.swift; path = OutgoingCall.swift; sourceTree = "<group>"; };
		FA47E7592C883EC900C83454 /* IncomingCallView.swift */ = {isa = PBXFileReference; lastKnownFileType = sourcecode.swift; path = IncomingCallView.swift; sourceTree = "<group>"; };
		FA47E75B2C883EF800C83454 /* OutgoingCallView.swift */ = {isa = PBXFileReference; lastKnownFileType = sourcecode.swift; path = OutgoingCallView.swift; sourceTree = "<group>"; };
		FA47E75D2C884F8C00C83454 /* Info.plist */ = {isa = PBXFileReference; lastKnownFileType = text.plist; path = Info.plist; sourceTree = "<group>"; };
		FAB401512C861E5E0052E48C /* SipTest.app */ = {isa = PBXFileReference; explicitFileType = wrapper.application; includeInIndex = 0; path = SipTest.app; sourceTree = BUILT_PRODUCTS_DIR; };
		FAB401542C861E5E0052E48C /* SipTestApp.swift */ = {isa = PBXFileReference; lastKnownFileType = sourcecode.swift; path = SipTestApp.swift; sourceTree = "<group>"; };
		FAB401562C861E5E0052E48C /* ContentView.swift */ = {isa = PBXFileReference; lastKnownFileType = sourcecode.swift; path = ContentView.swift; sourceTree = "<group>"; };
		FAB401582C861E600052E48C /* Assets.xcassets */ = {isa = PBXFileReference; lastKnownFileType = folder.assetcatalog; path = Assets.xcassets; sourceTree = "<group>"; };
		FAB4015B2C861E600052E48C /* Preview Assets.xcassets */ = {isa = PBXFileReference; lastKnownFileType = folder.assetcatalog; path = "Preview Assets.xcassets"; sourceTree = "<group>"; };
		FAB401642C86249F0052E48C /* IncomingCall.swift */ = {isa = PBXFileReference; lastKnownFileType = sourcecode.swift; path = IncomingCall.swift; sourceTree = "<group>"; };
		FAB401662C8626510052E48C /* linphone-sdk.podspec */ = {isa = PBXFileReference; lastKnownFileType = text; name = "linphone-sdk.podspec"; path = "../../linphone-sdk-1/linphone-sdk.podspec"; sourceTree = "<group>"; };
		FAB401672C86265A0052E48C /* Pods_SipTest.framework */ = {isa = PBXFileReference; explicitFileType = wrapper.framework; path = Pods_SipTest.framework; sourceTree = BUILT_PRODUCTS_DIR; };
		FAB4016B2C862D670052E48C /* linphonesw.framework */ = {isa = PBXFileReference; explicitFileType = wrapper.framework; path = linphonesw.framework; sourceTree = BUILT_PRODUCTS_DIR; };
		FAC0F0D005E6CAD8004D6605 /* Pods-SipTest.debug.xcconfig */ = {isa = PBXFileReference; includeInIndex = 1; lastKnownFileType = text.xcconfig; name = "Pods-SipTest.debug.xcconfig"; path = "Target Support Files/Pods-SipTest/Pods-SipTest.debug.xcconfig"; sourceTree = "<group>"; };
/* End PBXFileReference section */

/* Begin PBXFrameworksBuildPhase section */
		FAB4014E2C861E5E0052E48C /* Frameworks */ = {
			isa = PBXFrameworksBuildPhase;
			buildActionMask = 2147483647;
			files = (
				EBC50AB0F6B028E302156A4F /* Pods_SipTest.framework in Frameworks */,
				FAB401682C86265A0052E48C /* Pods_SipTest.framework in Frameworks */,
				FAB4016C2C862D670052E48C /* linphonesw.framework in Frameworks */,
			);
			runOnlyForDeploymentPostprocessing = 0;
		};
/* End PBXFrameworksBuildPhase section */

/* Begin PBXGroup section */
		415A41EBF7C6CC989CF3C783 /* Frameworks */ = {
			isa = PBXGroup;
			children = (
				FAB4016B2C862D670052E48C /* linphonesw.framework */,
				FAB401672C86265A0052E48C /* Pods_SipTest.framework */,
				FAB401662C8626510052E48C /* linphone-sdk.podspec */,
				615BCF49D00E01C0E3040330 /* Pods_SipTest.framework */,
			);
			name = Frameworks;
			sourceTree = "<group>";
		};
		5D8BB9735AE06E9A3669CD1C /* Pods */ = {
			isa = PBXGroup;
			children = (
				FAC0F0D005E6CAD8004D6605 /* Pods-SipTest.debug.xcconfig */,
				C9119BE1C3C1B4B9C8BFD10D /* Pods-SipTest.release.xcconfig */,
			);
			path = Pods;
			sourceTree = "<group>";
		};
		FA47E7572C883DFF00C83454 /* CallManager */ = {
			isa = PBXGroup;
			children = (
				FA47E7552C883DDB00C83454 /* OutgoingCall.swift */,
				FAB401642C86249F0052E48C /* IncomingCall.swift */,
			);
			path = CallManager;
			sourceTree = "<group>";
		};
		FA47E7582C883EAF00C83454 /* Views */ = {
			isa = PBXGroup;
			children = (
				FAB401562C861E5E0052E48C /* ContentView.swift */,
				FA47E75B2C883EF800C83454 /* OutgoingCallView.swift */,
				FA47E7592C883EC900C83454 /* IncomingCallView.swift */,
			);
			path = Views;
			sourceTree = "<group>";
		};
		FAB401482C861E5E0052E48C = {
			isa = PBXGroup;
			children = (
				FAB401532C861E5E0052E48C /* SipTest */,
				FAB401522C861E5E0052E48C /* Products */,
				5D8BB9735AE06E9A3669CD1C /* Pods */,
				415A41EBF7C6CC989CF3C783 /* Frameworks */,
			);
			sourceTree = "<group>";
		};
		FAB401522C861E5E0052E48C /* Products */ = {
			isa = PBXGroup;
			children = (
				FAB401512C861E5E0052E48C /* SipTest.app */,
			);
			name = Products;
			sourceTree = "<group>";
		};
		FAB401532C861E5E0052E48C /* SipTest */ = {
			isa = PBXGroup;
			children = (
				FA47E75D2C884F8C00C83454 /* Info.plist */,
				FAB401542C861E5E0052E48C /* SipTestApp.swift */,
				FA47E7582C883EAF00C83454 /* Views */,
				FA47E7572C883DFF00C83454 /* CallManager */,
				FAB401582C861E600052E48C /* Assets.xcassets */,
				FAB4015A2C861E600052E48C /* Preview Content */,
			);
			path = SipTest;
			sourceTree = "<group>";
		};
		FAB4015A2C861E600052E48C /* Preview Content */ = {
			isa = PBXGroup;
			children = (
				FAB4015B2C861E600052E48C /* Preview Assets.xcassets */,
			);
			path = "Preview Content";
			sourceTree = "<group>";
		};
/* End PBXGroup section */

/* Begin PBXNativeTarget section */
		FAB401502C861E5E0052E48C /* SipTest */ = {
			isa = PBXNativeTarget;
			buildConfigurationList = FAB4015F2C861E600052E48C /* Build configuration list for PBXNativeTarget "SipTest" */;
			buildPhases = (
				FBB3196E0071CC2C4189B125 /* [CP] Check Pods Manifest.lock */,
				FAB4014D2C861E5E0052E48C /* Sources */,
				FAB4014E2C861E5E0052E48C /* Frameworks */,
				FAB4014F2C861E5E0052E48C /* Resources */,
				CE91D4C58E4BA918182F46A0 /* [CP] Embed Pods Frameworks */,
			);
			buildRules = (
			);
			dependencies = (
			);
			name = SipTest;
			productName = SipTest;
			productReference = FAB401512C861E5E0052E48C /* SipTest.app */;
			productType = "com.apple.product-type.application";
		};
/* End PBXNativeTarget section */

/* Begin PBXProject section */
		FAB401492C861E5E0052E48C /* Project object */ = {
			isa = PBXProject;
			attributes = {
				BuildIndependentTargetsInParallel = 1;
				LastSwiftUpdateCheck = 1520;
				LastUpgradeCheck = 1520;
				TargetAttributes = {
					FAB401502C861E5E0052E48C = {
						CreatedOnToolsVersion = 15.2;
					};
				};
			};
			buildConfigurationList = FAB4014C2C861E5E0052E48C /* Build configuration list for PBXProject "SipTest" */;
			compatibilityVersion = "Xcode 14.0";
			developmentRegion = en;
			hasScannedForEncodings = 0;
			knownRegions = (
				en,
				Base,
			);
			mainGroup = FAB401482C861E5E0052E48C;
			productRefGroup = FAB401522C861E5E0052E48C /* Products */;
			projectDirPath = "";
			projectRoot = "";
			targets = (
				FAB401502C861E5E0052E48C /* SipTest */,
			);
		};
/* End PBXProject section */

/* Begin PBXResourcesBuildPhase section */
		FAB4014F2C861E5E0052E48C /* Resources */ = {
			isa = PBXResourcesBuildPhase;
			buildActionMask = 2147483647;
			files = (
				FAB4015C2C861E600052E48C /* Preview Assets.xcassets in Resources */,
				FAB401592C861E600052E48C /* Assets.xcassets in Resources */,
			);
			runOnlyForDeploymentPostprocessing = 0;
		};
/* End PBXResourcesBuildPhase section */

/* Begin PBXShellScriptBuildPhase section */
		CE91D4C58E4BA918182F46A0 /* [CP] Embed Pods Frameworks */ = {
			isa = PBXShellScriptBuildPhase;
			buildActionMask = 2147483647;
			files = (
			);
			inputFileListPaths = (
				"${PODS_ROOT}/Target Support Files/Pods-SipTest/Pods-SipTest-frameworks-${CONFIGURATION}-input-files.xcfilelist",
			);
			name = "[CP] Embed Pods Frameworks";
			outputFileListPaths = (
				"${PODS_ROOT}/Target Support Files/Pods-SipTest/Pods-SipTest-frameworks-${CONFIGURATION}-output-files.xcfilelist",
			);
			runOnlyForDeploymentPostprocessing = 0;
			shellPath = /bin/sh;
			shellScript = "\"${PODS_ROOT}/Target Support Files/Pods-SipTest/Pods-SipTest-frameworks.sh\"\n";
			showEnvVarsInLog = 0;
		};
		FBB3196E0071CC2C4189B125 /* [CP] Check Pods Manifest.lock */ = {
			isa = PBXShellScriptBuildPhase;
			buildActionMask = 2147483647;
			files = (
			);
			inputFileListPaths = (
			);
			inputPaths = (
				"${PODS_PODFILE_DIR_PATH}/Podfile.lock",
				"${PODS_ROOT}/Manifest.lock",
			);
			name = "[CP] Check Pods Manifest.lock";
			outputFileListPaths = (
			);
			outputPaths = (
				"$(DERIVED_FILE_DIR)/Pods-SipTest-checkManifestLockResult.txt",
			);
			runOnlyForDeploymentPostprocessing = 0;
			shellPath = /bin/sh;
			shellScript = "diff \"${PODS_PODFILE_DIR_PATH}/Podfile.lock\" \"${PODS_ROOT}/Manifest.lock\" > /dev/null\nif [ $? != 0 ] ; then\n    # print error to STDERR\n    echo \"error: The sandbox is not in sync with the Podfile.lock. Run 'pod install' or update your CocoaPods installation.\" >&2\n    exit 1\nfi\n# This output is used by Xcode 'outputs' to avoid re-running this script phase.\necho \"SUCCESS\" > \"${SCRIPT_OUTPUT_FILE_0}\"\n";
			showEnvVarsInLog = 0;
		};
/* End PBXShellScriptBuildPhase section */

/* Begin PBXSourcesBuildPhase section */
		FAB4014D2C861E5E0052E48C /* Sources */ = {
			isa = PBXSourcesBuildPhase;
			buildActionMask = 2147483647;
			files = (
				FA47E75C2C883EF800C83454 /* OutgoingCallView.swift in Sources */,
				FAB401652C86249F0052E48C /* IncomingCall.swift in Sources */,
				FA47E75A2C883EC900C83454 /* IncomingCallView.swift in Sources */,
				FA47E7562C883DDB00C83454 /* OutgoingCall.swift in Sources */,
				FAB401572C861E5E0052E48C /* ContentView.swift in Sources */,
				FAB401552C861E5E0052E48C /* SipTestApp.swift in Sources */,
			);
			runOnlyForDeploymentPostprocessing = 0;
		};
/* End PBXSourcesBuildPhase section */

/* Begin XCBuildConfiguration section */
		FAB4015D2C861E600052E48C /* Debug */ = {
			isa = XCBuildConfiguration;
			buildSettings = {
				ALWAYS_SEARCH_USER_PATHS = NO;
				ASSETCATALOG_COMPILER_GENERATE_SWIFT_ASSET_SYMBOL_EXTENSIONS = YES;
				CLANG_ANALYZER_NONNULL = YES;
				CLANG_ANALYZER_NUMBER_OBJECT_CONVERSION = YES_AGGRESSIVE;
				CLANG_CXX_LANGUAGE_STANDARD = "gnu++20";
				CLANG_ENABLE_MODULES = YES;
				CLANG_ENABLE_OBJC_ARC = YES;
				CLANG_ENABLE_OBJC_WEAK = YES;
				CLANG_WARN_BLOCK_CAPTURE_AUTORELEASING = YES;
				CLANG_WARN_BOOL_CONVERSION = YES;
				CLANG_WARN_COMMA = YES;
				CLANG_WARN_CONSTANT_CONVERSION = YES;
				CLANG_WARN_DEPRECATED_OBJC_IMPLEMENTATIONS = YES;
				CLANG_WARN_DIRECT_OBJC_ISA_USAGE = YES_ERROR;
				CLANG_WARN_DOCUMENTATION_COMMENTS = YES;
				CLANG_WARN_EMPTY_BODY = YES;
				CLANG_WARN_ENUM_CONVERSION = YES;
				CLANG_WARN_INFINITE_RECURSION = YES;
				CLANG_WARN_INT_CONVERSION = YES;
				CLANG_WARN_NON_LITERAL_NULL_CONVERSION = YES;
				CLANG_WARN_OBJC_IMPLICIT_RETAIN_SELF = YES;
				CLANG_WARN_OBJC_LITERAL_CONVERSION = YES;
				CLANG_WARN_OBJC_ROOT_CLASS = YES_ERROR;
				CLANG_WARN_QUOTED_INCLUDE_IN_FRAMEWORK_HEADER = YES;
				CLANG_WARN_RANGE_LOOP_ANALYSIS = YES;
				CLANG_WARN_STRICT_PROTOTYPES = YES;
				CLANG_WARN_SUSPICIOUS_MOVE = YES;
				CLANG_WARN_UNGUARDED_AVAILABILITY = YES_AGGRESSIVE;
				CLANG_WARN_UNREACHABLE_CODE = YES;
				CLANG_WARN__DUPLICATE_METHOD_MATCH = YES;
				COPY_PHASE_STRIP = NO;
				DEBUG_INFORMATION_FORMAT = dwarf;
				ENABLE_STRICT_OBJC_MSGSEND = YES;
				ENABLE_TESTABILITY = YES;
				ENABLE_USER_SCRIPT_SANDBOXING = NO;
				GCC_C_LANGUAGE_STANDARD = gnu17;
				GCC_DYNAMIC_NO_PIC = NO;
				GCC_NO_COMMON_BLOCKS = YES;
				GCC_OPTIMIZATION_LEVEL = 0;
				GCC_PREPROCESSOR_DEFINITIONS = (
					"DEBUG=1",
					"$(inherited)",
				);
				GCC_WARN_64_TO_32_BIT_CONVERSION = YES;
				GCC_WARN_ABOUT_RETURN_TYPE = YES_ERROR;
				GCC_WARN_UNDECLARED_SELECTOR = YES;
				GCC_WARN_UNINITIALIZED_AUTOS = YES_AGGRESSIVE;
				GCC_WARN_UNUSED_FUNCTION = YES;
				GCC_WARN_UNUSED_VARIABLE = YES;
				IPHONEOS_DEPLOYMENT_TARGET = 17.2;
				LOCALIZATION_PREFERS_STRING_CATALOGS = YES;
				MTL_ENABLE_DEBUG_INFO = INCLUDE_SOURCE;
				MTL_FAST_MATH = YES;
				ONLY_ACTIVE_ARCH = YES;
				SDKROOT = iphoneos;
				SWIFT_ACTIVE_COMPILATION_CONDITIONS = "DEBUG $(inherited)";
				SWIFT_OPTIMIZATION_LEVEL = "-Onone";
			};
			name = Debug;
		};
		FAB4015E2C861E600052E48C /* Release */ = {
			isa = XCBuildConfiguration;
			buildSettings = {
				ALWAYS_SEARCH_USER_PATHS = NO;
				ASSETCATALOG_COMPILER_GENERATE_SWIFT_ASSET_SYMBOL_EXTENSIONS = YES;
				CLANG_ANALYZER_NONNULL = YES;
				CLANG_ANALYZER_NUMBER_OBJECT_CONVERSION = YES_AGGRESSIVE;
				CLANG_CXX_LANGUAGE_STANDARD = "gnu++20";
				CLANG_ENABLE_MODULES = YES;
				CLANG_ENABLE_OBJC_ARC = YES;
				CLANG_ENABLE_OBJC_WEAK = YES;
				CLANG_WARN_BLOCK_CAPTURE_AUTORELEASING = YES;
				CLANG_WARN_BOOL_CONVERSION = YES;
				CLANG_WARN_COMMA = YES;
				CLANG_WARN_CONSTANT_CONVERSION = YES;
				CLANG_WARN_DEPRECATED_OBJC_IMPLEMENTATIONS = YES;
				CLANG_WARN_DIRECT_OBJC_ISA_USAGE = YES_ERROR;
				CLANG_WARN_DOCUMENTATION_COMMENTS = YES;
				CLANG_WARN_EMPTY_BODY = YES;
				CLANG_WARN_ENUM_CONVERSION = YES;
				CLANG_WARN_INFINITE_RECURSION = YES;
				CLANG_WARN_INT_CONVERSION = YES;
				CLANG_WARN_NON_LITERAL_NULL_CONVERSION = YES;
				CLANG_WARN_OBJC_IMPLICIT_RETAIN_SELF = YES;
				CLANG_WARN_OBJC_LITERAL_CONVERSION = YES;
				CLANG_WARN_OBJC_ROOT_CLASS = YES_ERROR;
				CLANG_WARN_QUOTED_INCLUDE_IN_FRAMEWORK_HEADER = YES;
				CLANG_WARN_RANGE_LOOP_ANALYSIS = YES;
				CLANG_WARN_STRICT_PROTOTYPES = YES;
				CLANG_WARN_SUSPICIOUS_MOVE = YES;
				CLANG_WARN_UNGUARDED_AVAILABILITY = YES_AGGRESSIVE;
				CLANG_WARN_UNREACHABLE_CODE = YES;
				CLANG_WARN__DUPLICATE_METHOD_MATCH = YES;
				COPY_PHASE_STRIP = NO;
				DEBUG_INFORMATION_FORMAT = "dwarf-with-dsym";
				ENABLE_NS_ASSERTIONS = NO;
				ENABLE_STRICT_OBJC_MSGSEND = YES;
				ENABLE_USER_SCRIPT_SANDBOXING = NO;
				GCC_C_LANGUAGE_STANDARD = gnu17;
				GCC_NO_COMMON_BLOCKS = YES;
				GCC_WARN_64_TO_32_BIT_CONVERSION = YES;
				GCC_WARN_ABOUT_RETURN_TYPE = YES_ERROR;
				GCC_WARN_UNDECLARED_SELECTOR = YES;
				GCC_WARN_UNINITIALIZED_AUTOS = YES_AGGRESSIVE;
				GCC_WARN_UNUSED_FUNCTION = YES;
				GCC_WARN_UNUSED_VARIABLE = YES;
				IPHONEOS_DEPLOYMENT_TARGET = 17.2;
				LOCALIZATION_PREFERS_STRING_CATALOGS = YES;
				MTL_ENABLE_DEBUG_INFO = NO;
				MTL_FAST_MATH = YES;
				SDKROOT = iphoneos;
				SWIFT_COMPILATION_MODE = wholemodule;
				VALIDATE_PRODUCT = YES;
			};
			name = Release;
		};
		FAB401602C861E600052E48C /* Debug */ = {
			isa = XCBuildConfiguration;
			baseConfigurationReference = FAC0F0D005E6CAD8004D6605 /* Pods-SipTest.debug.xcconfig */;
			buildSettings = {
				ASSETCATALOG_COMPILER_APPICON_NAME = AppIcon;
				ASSETCATALOG_COMPILER_GLOBAL_ACCENT_COLOR_NAME = AccentColor;
				CODE_SIGN_STYLE = Automatic;
				CURRENT_PROJECT_VERSION = 1;
				DEVELOPMENT_ASSET_PATHS = "\"SipTest/Preview Content\"";
				DEVELOPMENT_TEAM = KX2WW9325Y;
				ENABLE_PREVIEWS = YES;
				GENERATE_INFOPLIST_FILE = YES;
				INFOPLIST_FILE = SipTest/Info.plist;
				INFOPLIST_KEY_NSCameraUsageDescription = "";
				INFOPLIST_KEY_NSMicrophoneUsageDescription = "App needs access to the microphone to make and receive voice calls.";
				INFOPLIST_KEY_UIApplicationSceneManifest_Generation = YES;
				INFOPLIST_KEY_UIApplicationSupportsIndirectInputEvents = YES;
				INFOPLIST_KEY_UILaunchScreen_Generation = YES;
				INFOPLIST_KEY_UISupportedInterfaceOrientations_iPad = "UIInterfaceOrientationPortrait UIInterfaceOrientationPortraitUpsideDown UIInterfaceOrientationLandscapeLeft UIInterfaceOrientationLandscapeRight";
				INFOPLIST_KEY_UISupportedInterfaceOrientations_iPhone = "UIInterfaceOrientationPortrait UIInterfaceOrientationLandscapeLeft UIInterfaceOrientationLandscapeRight";
				IPHONEOS_DEPLOYMENT_TARGET = 15.0;
				LD_RUNPATH_SEARCH_PATHS = (
					"$(inherited)",
					"@executable_path/Frameworks",
				);
				MARKETING_VERSION = 1.0;
				PRODUCT_BUNDLE_IDENTIFIER = com.BilalMehdi.SipTest;
				PRODUCT_NAME = "$(TARGET_NAME)";
				SWIFT_EMIT_LOC_STRINGS = YES;
				SWIFT_VERSION = 5.0;
				TARGETED_DEVICE_FAMILY = "1,2";
			};
			name = Debug;
		};
		FAB401612C861E600052E48C /* Release */ = {
			isa = XCBuildConfiguration;
			baseConfigurationReference = C9119BE1C3C1B4B9C8BFD10D /* Pods-SipTest.release.xcconfig */;
			buildSettings = {
				ASSETCATALOG_COMPILER_APPICON_NAME = AppIcon;
				ASSETCATALOG_COMPILER_GLOBAL_ACCENT_COLOR_NAME = AccentColor;
				CODE_SIGN_STYLE = Automatic;
				CURRENT_PROJECT_VERSION = 1;
				DEVELOPMENT_ASSET_PATHS = "\"SipTest/Preview Content\"";
				DEVELOPMENT_TEAM = KX2WW9325Y;
				ENABLE_PREVIEWS = YES;
				GENERATE_INFOPLIST_FILE = YES;
				INFOPLIST_FILE = SipTest/Info.plist;
				INFOPLIST_KEY_NSCameraUsageDescription = "";
				INFOPLIST_KEY_NSMicrophoneUsageDescription = "App needs access to the microphone to make and receive voice calls.";
				INFOPLIST_KEY_UIApplicationSceneManifest_Generation = YES;
				INFOPLIST_KEY_UIApplicationSupportsIndirectInputEvents = YES;
				INFOPLIST_KEY_UILaunchScreen_Generation = YES;
				INFOPLIST_KEY_UISupportedInterfaceOrientations_iPad = "UIInterfaceOrientationPortrait UIInterfaceOrientationPortraitUpsideDown UIInterfaceOrientationLandscapeLeft UIInterfaceOrientationLandscapeRight";
				INFOPLIST_KEY_UISupportedInterfaceOrientations_iPhone = "UIInterfaceOrientationPortrait UIInterfaceOrientationLandscapeLeft UIInterfaceOrientationLandscapeRight";
				IPHONEOS_DEPLOYMENT_TARGET = 15.0;
				LD_RUNPATH_SEARCH_PATHS = (
					"$(inherited)",
					"@executable_path/Frameworks",
				);
				MARKETING_VERSION = 1.0;
				PRODUCT_BUNDLE_IDENTIFIER = com.BilalMehdi.SipTest;
				PRODUCT_NAME = "$(TARGET_NAME)";
				SWIFT_EMIT_LOC_STRINGS = YES;
				SWIFT_VERSION = 5.0;
				TARGETED_DEVICE_FAMILY = "1,2";
			};
			name = Release;
		};
/* End XCBuildConfiguration section */

/* Begin XCConfigurationList section */
		FAB4014C2C861E5E0052E48C /* Build configuration list for PBXProject "SipTest" */ = {
			isa = XCConfigurationList;
			buildConfigurations = (
				FAB4015D2C861E600052E48C /* Debug */,
				FAB4015E2C861E600052E48C /* Release */,
			);
			defaultConfigurationIsVisible = 0;
			defaultConfigurationName = Release;
		};
		FAB4015F2C861E600052E48C /* Build configuration list for PBXNativeTarget "SipTest" */ = {
			isa = XCConfigurationList;
			buildConfigurations = (
				FAB401602C861E600052E48C /* Debug */,
				FAB401612C861E600052E48C /* Release */,
			);
			defaultConfigurationIsVisible = 0;
			defaultConfigurationName = Release;
		};
/* End XCConfigurationList section */
	};
	rootObject = FAB401492C861E5E0052E48C /* Project object */;
}
